Microsoft Visual Studio Solution File, Format Version 12.00
# Visual Studio Version 17
VisualStudioVersion = 17.5.2.0
MinimumVisualStudioVersion = 10.0.40219.1
Project("{FAE04EC0-301F-11D3-BF4B-00C04F79EFBC}") = "ScreenshotMcpServer", "ScreenshotMcpServer.csproj", "{28DDBC35-2643-8CE9-A2E8-4DD7BAADCCA2}"
EndProject
Global
	GlobalSection(SolutionConfigurationPlatforms) = preSolution
		Debug|Any CPU = Debug|Any CPU
		Release|Any CPU = Release|Any CPU
	EndGlobalSection
	GlobalSection(ProjectConfigurationPlatforms) = postSolution
		{28DDBC35-2643-8CE9-A2E8-4DD7BAADCCA2}.Debug|Any CPU.ActiveCfg = Debug|Any CPU
		{28DDBC35-2643-8CE9-A2E8-4DD7BAADCCA2}.Debug|Any CPU.Build.0 = Debug|Any CPU
		{28DDBC35-2643-8CE9-A2E8-4DD7BAADCCA2}.Release|Any CPU.ActiveCfg = Release|Any CPU
		{28DDBC35-2643-8CE9-A2E8-4DD7BAADCCA2}.Release|Any CPU.Build.0 = Release|Any CPU
	EndGlobalSection
	GlobalSection(SolutionProperties) = preSolution
		HideSolutionNode = FALSE
	EndGlobalSection
	GlobalSection(ExtensibilityGlobals) = postSolution
		SolutionGuid = {3FBC6E6A-ABE9-457E-BC73-0C603B449F7D}
	EndGlobalSection
EndGlobal
